
Microsoft Visual Studio Solution File, Format Version 12.00
# Visual Studio Version 16
VisualStudioVersion = 16.0.30503.244
MinimumVisualStudioVersion = 10.0.40219.1
Project("{FAE04EC0-301F-11D3-BF4B-00C04F79EFBC}") = "LinqSelfProgrammed", "LinqSelfProgrammed\LinqSelfProgrammed.csproj", "{B6DCF28A-06E5-44E4-9CD2-E0FF4DD927A7}"
EndProject
Project("{FAE04EC0-301F-11D3-BF4B-00C04F79EFBC}") = "MyLinqLib", "MyLinqLib\MyLinqLib.csproj", "{B743DC61-8BF7-4A06-8A4B-4F80758857D9}"
EndProject
Project("{FAE04EC0-301F-11D3-BF4B-00C04F79EFBC}") = "LinqTests", "LinqTests\LinqTests.csproj", "{C23EADF0-7B91-42AE-9216-CE568FD2E26E}"
EndProject
Global
	GlobalSection(SolutionConfigurationPlatforms) = preSolution
		Debug|Any CPU = Debug|Any CPU
		Release|Any CPU = Release|Any CPU
	EndGlobalSection
	GlobalSection(ProjectConfigurationPlatforms) = postSolution
		{B6DCF28A-06E5-44E4-9CD2-E0FF4DD927A7}.Debug|Any CPU.ActiveCfg = Debug|Any CPU
		{B6DCF28A-06E5-44E4-9CD2-E0FF4DD927A7}.Debug|Any CPU.Build.0 = Debug|Any CPU
		{B6DCF28A-06E5-44E4-9CD2-E0FF4DD927A7}.Release|Any CPU.ActiveCfg = Release|Any CPU
		{B6DCF28A-06E5-44E4-9CD2-E0FF4DD927A7}.Release|Any CPU.Build.0 = Release|Any CPU
		{B743DC61-8BF7-4A06-8A4B-4F80758857D9}.Debug|Any CPU.ActiveCfg = Debug|Any CPU
		{B743DC61-8BF7-4A06-8A4B-4F80758857D9}.Debug|Any CPU.Build.0 = Debug|Any CPU
		{B743DC61-8BF7-4A06-8A4B-4F80758857D9}.Release|Any CPU.ActiveCfg = Release|Any CPU
		{B743DC61-8BF7-4A06-8A4B-4F80758857D9}.Release|Any CPU.Build.0 = Release|Any CPU
		{C23EADF0-7B91-42AE-9216-CE568FD2E26E}.Debug|Any CPU.ActiveCfg = Debug|Any CPU
		{C23EADF0-7B91-42AE-9216-CE568FD2E26E}.Debug|Any CPU.Build.0 = Debug|Any CPU
		{C23EADF0-7B91-42AE-9216-CE568FD2E26E}.Release|Any CPU.ActiveCfg = Release|Any CPU
		{C23EADF0-7B91-42AE-9216-CE568FD2E26E}.Release|Any CPU.Build.0 = Release|Any CPU
	EndGlobalSection
	GlobalSection(SolutionProperties) = preSolution
		HideSolutionNode = FALSE
	EndGlobalSection
	GlobalSection(ExtensibilityGlobals) = postSolution
		SolutionGuid = {4F7406B3-F03E-4584-8E0B-4DC76592542D}
	EndGlobalSection
EndGlobal
